{
  "name": "app",
  "lockfileVersion": 3,
  "requires": true,
  "packages": {
    "": {
      "dependencies": {
        "@tiptap/extension-color": "^3.26.1",
        "@tiptap/extension-font-family": "^3.26.1",
        "@tiptap/extension-highlight": "^3.26.1",
        "@tiptap/extension-placeholder": "^3.26.0",
        "@tiptap/extension-text-align": "^3.26.1",
        "@tiptap/extension-text-style": "^3.26.1",
        "lucide-react": "^1.17.0"
      }
    },
    "node_modules/@tiptap/extension-color": {
      "version": "3.26.1",
      "resolved": "https://registry.npmjs.org/@tiptap/extension-color/-/extension-color-3.26.1.tgz",
      "integrity": "sha512-f8yy+CBRDqMeaIaQ0UHDbGUqjfGka5O16ja47shatXm49lqLcL06js9tGoiZFVzp9/lcKOLSXjuzxNf0OZ9SbA==",
      "license": "MIT",
      "funding": {
        "type": "github",
        "url": "https://github.com/sponsors/ueberdosis"
      },
      "peerDependencies": {
        "@tiptap/extension-text-style": "3.26.1"
      }
    },
    "node_modules/@tiptap/extension-font-family": {
      "version": "3.26.1",
      "resolved": "https://registry.npmjs.org/@tiptap/extension-font-family/-/extension-font-family-3.26.1.tgz",
      "integrity": "sha512-7DJNJXFqpxx5vj+4awTBhM6gPvSX4Un0Yze5ZJ5p65GytqlcBMpUvRFhyuo0+L6hOU4vYYPz/y5v6TJBMvRcTg==",
      "license": "MIT",
      "funding": {
        "type": "github",
        "url": "https://github.com/sponsors/ueberdosis"
      },
      "peerDependencies": {
        "@tiptap/extension-text-style": "3.26.1"
      }
    },
    "node_modules/@tiptap/extension-highlight": {
      "version": "3.26.1",
      "resolved": "https://registry.npmjs.org/@tiptap/extension-highlight/-/extension-highlight-3.26.1.tgz",
      "integrity": "sha512-qgx4Eetqkogh3OyomZO0yIMQGHhjatCDAtELkC7NQxnmPsp2c9i6ck/hh7mP5We5ccBwUoYRuNGC9lkflCx75g==",
      "license": "MIT",
      "funding": {
        "type": "github",
        "url": "https://github.com/sponsors/ueberdosis"
      },
      "peerDependencies": {
        "@tiptap/core": "3.26.1"
      }
    },
    "node_modules/@tiptap/extension-placeholder": {
      "version": "3.26.0",
      "resolved": "https://registry.npmjs.org/@tiptap/extension-placeholder/-/extension-placeholder-3.26.0.tgz",
      "integrity": "sha512-q9RsGWmL0xEwrMK5Wx53eMdZlkA3J1cqloIc69rEugjOCjoExEkfF4e2nC9YK49qGxJZBKKksw1Ij7oCWEyu+g==",
      "license": "MIT",
      "funding": {
        "type": "github",
        "url": "https://github.com/sponsors/ueberdosis"
      },
      "peerDependencies": {
        "@tiptap/extensions": "3.26.0"
      }
    },
    "node_modules/@tiptap/extension-text-align": {
      "version": "3.26.1",
      "resolved": "https://registry.npmjs.org/@tiptap/extension-text-align/-/extension-text-align-3.26.1.tgz",
      "integrity": "sha512-Ptbu1FyASFqIrbw/p9D6zLt8G7seDh4X408qU9FIrun7PE79o+amB5LWI/SzHFuVk3OMI+g7jE/mMDhNUYsqVA==",
      "license": "MIT",
      "funding": {
        "type": "github",
        "url": "https://github.com/sponsors/ueberdosis"
      },
      "peerDependencies": {
        "@tiptap/core": "3.26.1"
      }
    },
    "node_modules/@tiptap/extension-text-style": {
      "version": "3.26.1",
      "resolved": "https://registry.npmjs.org/@tiptap/extension-text-style/-/extension-text-style-3.26.1.tgz",
      "integrity": "sha512-V8t7qOyLH7IBR2HjjJVZ9rUHTnuFToJx07L9PN9PpgQLhz9q8Jah4gAwmjLBXDRG2YaXImGK0RwKKCU/yHhwOg==",
      "license": "MIT",
      "funding": {
        "type": "github",
        "url": "https://github.com/sponsors/ueberdosis"
      },
      "peerDependencies": {
        "@tiptap/core": "3.26.1"
      }
    },
    "node_modules/lucide-react": {
      "version": "1.17.0",
      "resolved": "https://registry.npmjs.org/lucide-react/-/lucide-react-1.17.0.tgz",
      "integrity": "sha512-9FA9evdox/JQL5PT57fdA1x/yg8T7knJ98+zjTL3UfKza6pflQUUh3XtaQIHKvnsJw1lmsEyHVlt5jchYxOQ5w==",
      "license": "ISC",
      "peerDependencies": {
        "react": "^16.5.1 || ^17.0.0 || ^18.0.0 || ^19.0.0"
      }
    }
  }
}
